github.com/davecgh/go-spew v1.1.0/go.mod h1:J7Y8YcW2NihsgmVo/mv3lAwl/skON4iLHjSsI+c5H38=
github.com/davecgh/go-spew v1.1.1/go.mod h1:J7Y8YcW2NihsgmVo/mv3lAwl/skON4iLHjSsI+c5H38=
github.com/jinzhu/inflection v1.0.0 h1:K317FqzuhWc8YvSVlFMCCUb36O/S9MCKRDI7QkRKD/E=
github.com/jinzhu/inflection v1.0.0/go.mod h1:h+uFLlag+Qp1Va5pdKtLDYj+kHp5pxUVkryuEj+Srlc=
github.com/jinzhu/now v1.1.1/go.mod h1:d3SSVoowX0Lcu0IBviAWJpolVfI5UJVZZ7cO71lE/z8=
github.com/jinzhu/now v1.1.5 h1:/o9tlHleP7gOFmsnYNz3RGnqzefHA47wQpKrrdTIwXQ=
github.com/jinzhu/now v1.1.5/go.mod h1:d3SSVoowX0Lcu0IBviAWJpolVfI5UJVZZ7cO71lE/z8=
github.com/mattn/go-sqlite3 v1.14.22 h1:2gZY6PC6kBnID23Tichd1K+Z0oS6nE/XwU+Vz/5o4kU=
github.com/mattn/go-sqlite3 v1.14.22/go.mod h1:Uh1q+B4BYcTPb+yiD3kU8Ct7aC0hY9fxUwlHK0RXw+Y=
github.com/mutecomm/go-sqlcipher v0.0.0-20190227152316-55dbde17881f h1:hd3r+uv9DNLScbOrnlj82rBldHQf3XWmCeXAWbw8euQ=
github.com/mutecomm/go-sqlcipher v0.0.0-20190227152316-55dbde17881f/go.mod h1:MyUWrZlB1aI5bs7j9/pJ8ckLLZ4QcCYcNiSbsAW32D4=
github.com/mutecomm/go-sqlcipher/v4 v4.4.2/go.mod h1:mF2UmIpBnzFeBdu/ypTDb/LdbS0nk0dfSN1WUsWTjMA=
github.com/pmezard/go-difflib v1.0.0/go.mod h1:iKH77koFhYxTK1pcRnkKkqfTogsbg7gZNVY4sRDYZ/4=
github.com/stretchr/objx v0.1.0/go.mod h1:HFkY916IF+rwdDfMAkV7OtwuqBVzrE8GR6GFx+wExME=
github.com/stretchr/testify v1.3.0/go.mod h1:M5WIy9Dh21IEIfnGCwXGc5bZfKNJtfHm1UVUgZn+9EI=
github.com/zhaobingss/go-sqlcipher/v4 v4.4.3 h1:jASQ7b8C8elRknpUO3XmtKRTYoSgOZTgTuDK1OhKSoM=
github.com/zhaobingss/go-sqlcipher/v4 v4.4.3/go.mod h1:dWG2tftM71OUD0stloAz+AF6p7QNfSbPRmDufgWE43M=
github.com/zhaobingss/gorm-sqlcipher v0.0.3 h1:Fk5wlxt0mhzyxePj6h8EDGomOoS1G9Z+/kEUUhIZVnU=
github.com/zhaobingss/gorm-sqlcipher v0.0.3/go.mod h1:QoFX2wP8i4R7kxhrhsYqig2Y9u4pDiHqGI7e/haqa6s=
github.com/zhaobingss/gorm-sqlcipher v0.0.4-0.20230729135524-08315bbb9734 h1:oQJD4JpWsfX+abCCRNz3igZJSUBXuJYomIk6QlY9h6I=
github.com/zhaobingss/gorm-sqlcipher v0.0.4-0.20230729135524-08315bbb9734/go.mod h1:5FTOOXQPGXZ2vPWDcSBV+yYAs7IFE0j4g1nFgYSTFOM=
golang.org/x/net v0.0.0-20190225153610-fe579d43d832 h1:2IdId8zoI92l1bUzjAOygcAOkmCe13HY1j0rqPPPzB8=
golang.org/x/net v0.0.0-20190225153610-fe579d43d832/go.mod h1:mL1N/T3taQHkDXs73rZJwtUhF3w3ftmwwsq0BUmARs4=
golang.org/x/text v0.17.0 h1:XtiM5bkSOt+ewxlOE/aE/AKEHibwj/6gvWMl9Rsh0Qc=
golang.org/x/text v0.17.0/go.mod h1:BuEKDfySbSR4drPmRPG/7iBdf8hvFMuRexcpahXilzY=
gorm.io/driver/sqlite v1.5.6 h1:fO/X46qn5NUEEOZtnjJRWRzZMe8nqJiQ9E+0hi+hKQE=
gorm.io/driver/sqlite v1.5.6/go.mod h1:U+J8craQU6Fzkcvu8oLeAQmi50TkwPEhHDEjQZXDah4=
gorm.io/gorm v1.20.6/go.mod h1:0HFTzE/SqkGTzK6TlDPPQbAYCluiVvhzoA1+aVyzenw=
gorm.io/gorm v1.25.2/go.mod h1:L4uxeKpfBml98NYqVqwAdmV1a2nBtAec/cf3fpucW/k=
gorm.io/gorm v1.25.11 h1:/Wfyg1B/je1hnDx3sMkX+gAlxrlZpn6X0BXRlwXlvHg=
gorm.io/gorm v1.25.11/go.mod h1:xh7N7RHfYlNc5EmcI/El95gXusucDrQnHXe0+CgWcLQ=
